
Microsoft Visual Studio Solution File, Format Version 12.00
# Visual Studio Version 17
VisualStudioVersion = 17.0.31903.59
MinimumVisualStudioVersion = 10.0.40219.1
Project("{FAE04EC0-301F-11D3-BF4B-00C04F79EFBC}") = "TodoApp.Business", "TodoApp.Business\TodoApp.Business.csproj", "{4430B005-351E-4863-A2C1-21C02EF1A276}"
EndProject
Project("{FAE04EC0-301F-11D3-BF4B-00C04F79EFBC}") = "TodoApp.Data", "TodoApp.Data\TodoApp.Data.csproj", "{1F91D25A-DC9A-4FBA-BCE5-BC562F096D87}"
EndProject
Project("{FAE04EC0-301F-11D3-BF4B-00C04F79EFBC}") = "TodoApp.MVC", "TodoApp.MVC\TodoApp.MVC.csproj", "{715EB8CA-F35F-41CC-BF3F-5AB704D561AA}"
EndProject
Project("{FAE04EC0-301F-11D3-BF4B-00C04F79EFBC}") = "TodoApp.Models", "TodoApp.Models\TodoApp.Models.csproj", "{EDC5EF45-2185-4B41-AFB3-57CBD3BF0951}"
EndProject
Project("{2150E333-8FDC-42A3-9474-1A3956D46DE8}") = "Appendix", "Appendix", "{ADEC5AA1-6DDE-8C5C-433C-6412976FCAC4}"
	ProjectSection(SolutionItems) = preProject
		PackageCommand.md = PackageCommand.md
		MigrationCommand.md = MigrationCommand.md
		RunCommand.md = RunCommand.md
	EndProjectSection
EndProject
Global
	GlobalSection(SolutionConfigurationPlatforms) = preSolution
		Debug|Any CPU = Debug|Any CPU
		Release|Any CPU = Release|Any CPU
	EndGlobalSection
	GlobalSection(ProjectConfigurationPlatforms) = postSolution
		{4430B005-351E-4863-A2C1-21C02EF1A276}.Debug|Any CPU.ActiveCfg = Debug|Any CPU
		{4430B005-351E-4863-A2C1-21C02EF1A276}.Debug|Any CPU.Build.0 = Debug|Any CPU
		{4430B005-351E-4863-A2C1-21C02EF1A276}.Release|Any CPU.ActiveCfg = Release|Any CPU
		{4430B005-351E-4863-A2C1-21C02EF1A276}.Release|Any CPU.Build.0 = Release|Any CPU
		{1F91D25A-DC9A-4FBA-BCE5-BC562F096D87}.Debug|Any CPU.ActiveCfg = Debug|Any CPU
		{1F91D25A-DC9A-4FBA-BCE5-BC562F096D87}.Debug|Any CPU.Build.0 = Debug|Any CPU
		{1F91D25A-DC9A-4FBA-BCE5-BC562F096D87}.Release|Any CPU.ActiveCfg = Release|Any CPU
		{1F91D25A-DC9A-4FBA-BCE5-BC562F096D87}.Release|Any CPU.Build.0 = Release|Any CPU
		{715EB8CA-F35F-41CC-BF3F-5AB704D561AA}.Debug|Any CPU.ActiveCfg = Debug|Any CPU
		{715EB8CA-F35F-41CC-BF3F-5AB704D561AA}.Debug|Any CPU.Build.0 = Debug|Any CPU
		{715EB8CA-F35F-41CC-BF3F-5AB704D561AA}.Release|Any CPU.ActiveCfg = Release|Any CPU
		{715EB8CA-F35F-41CC-BF3F-5AB704D561AA}.Release|Any CPU.Build.0 = Release|Any CPU
		{EDC5EF45-2185-4B41-AFB3-57CBD3BF0951}.Debug|Any CPU.ActiveCfg = Debug|Any CPU
		{EDC5EF45-2185-4B41-AFB3-57CBD3BF0951}.Debug|Any CPU.Build.0 = Debug|Any CPU
		{EDC5EF45-2185-4B41-AFB3-57CBD3BF0951}.Release|Any CPU.ActiveCfg = Release|Any CPU
		{EDC5EF45-2185-4B41-AFB3-57CBD3BF0951}.Release|Any CPU.Build.0 = Release|Any CPU
	EndGlobalSection
	GlobalSection(SolutionProperties) = preSolution
		HideSolutionNode = FALSE
	EndGlobalSection
EndGlobal
